// !$*UTF8*$!
{
	archiveVersion = 1;
	classes = {
	};
	objectVersion = 55;
	objects = {

/* Begin PBXBuildFile section */
		36D9B2B42899973D00E370A0 /* AppDelegate.swift in Sources */ = {isa = PBXBuildFile; fileRef = 36D9B2B32899973D00E370A0 /* AppDelegate.swift */; };
		36D9B2B62899973D00E370A0 /* SceneDelegate.swift in Sources */ = {isa = PBXBuildFile; fileRef = 36D9B2B52899973D00E370A0 /* SceneDelegate.swift */; };
		36D9B2B82899973D00E370A0 /* ViewController.swift in Sources */ = {isa = PBXBuildFile; fileRef = 36D9B2B72899973D00E370A0 /* ViewController.swift */; };
		36D9B2BB2899973D00E370A0 /* Main.storyboard in Resources */ = {isa = PBXBuildFile; fileRef = 36D9B2B92899973D00E370A0 /* Main.storyboard */; };
		36D9B2BD2899973E00E370A0 /* Assets.xcassets in Resources */ = {isa = PBXBuildFile; fileRef = 36D9B2BC2899973E00E370A0 /* Assets.xcassets */; };
		36D9B2C02899973E00E370A0 /* LaunchScreen.storyboard in Resources */ = {isa = PBXBuildFile; fileRef = 36D9B2BE2899973E00E370A0 /* LaunchScreen.storyboard */; };
		36D9B2CB2899973E00E370A0 /* WerewolvesIOSTests.swift in Sources */ = {isa = PBXBuildFile; fileRef = 36D9B2CA2899973E00E370A0 /* WerewolvesIOSTests.swift */; };
		36D9B2D52899973E00E370A0 /* WerewolvesIOSUITests.swift in Sources */ = {isa = PBXBuildFile; fileRef = 36D9B2D42899973E00E370A0 /* WerewolvesIOSUITests.swift */; };
		36D9B2D72899973E00E370A0 /* WerewolvesIOSUITestsLaunchTests.swift in Sources */ = {isa = PBXBuildFile; fileRef = 36D9B2D62899973E00E370A0 /* WerewolvesIOSUITestsLaunchTests.swift */; };
/* End PBXBuildFile section */

/* Begin PBXContainerItemProxy section */
		36D9B2C72899973E00E370A0 /* PBXContainerItemProxy */ = {
			isa = PBXContainerItemProxy;
			containerPortal = 36D9B2A82899973D00E370A0 /* Project object */;
			proxyType = 1;
			remoteGlobalIDString = 36D9B2AF2899973D00E370A0;
			remoteInfo = WerewolvesIOS;
		};
		36D9B2D12899973E00E370A0 /* PBXContainerItemProxy */ = {
			isa = PBXContainerItemProxy;
			containerPortal = 36D9B2A82899973D00E370A0 /* Project object */;
			proxyType = 1;
			remoteGlobalIDString = 36D9B2AF2899973D00E370A0;
			remoteInfo = WerewolvesIOS;
		};
/* End PBXContainerItemProxy section */

/* Begin PBXFileReference section */
		36D9B2B02899973D00E370A0 /* WerewolvesIOS.app */ = {isa = PBXFileReference; explicitFileType = wrapper.application; includeInIndex = 0; path = WerewolvesIOS.app; sourceTree = BUILT_PRODUCTS_DIR; };
		36D9B2B32899973D00E370A0 /* AppDelegate.swift */ = {isa = PBXFileReference; lastKnownFileType = sourcecode.swift; path = AppDelegate.swift; sourceTree = "<group>"; };
		36D9B2B52899973D00E370A0 /* SceneDelegate.swift */ = {isa = PBXFileReference; lastKnownFileType = sourcecode.swift; path = SceneDelegate.swift; sourceTree = "<group>"; };
		36D9B2B72899973D00E370A0 /* ViewController.swift */ = {isa = PBXFileReference; lastKnownFileType = sourcecode.swift; path = ViewController.swift; sourceTree = "<group>"; };
		36D9B2BA2899973D00E370A0 /* Base */ = {isa = PBXFileReference; lastKnownFileType = file.storyboard; name = Base; path = Base.lproj/Main.storyboard; sourceTree = "<group>"; };
		36D9B2BC2899973E00E370A0 /* Assets.xcassets */ = {isa = PBXFileReference; lastKnownFileType = folder.assetcatalog; path = Assets.xcassets; sourceTree = "<group>"; };
		36D9B2BF2899973E00E370A0 /* Base */ = {isa = PBXFileReference; lastKnownFileType = file.storyboard; name = Base; path = Base.lproj/LaunchScreen.storyboard; sourceTree = "<group>"; };
		36D9B2C12899973E00E370A0 /* Info.plist */ = {isa = PBXFileReference; lastKnownFileType = text.plist.xml; path = Info.plist; sourceTree = "<group>"; };
		36D9B2C62899973E00E370A0 /* WerewolvesIOSTests.xctest */ = {isa = PBXFileReference; explicitFileType = wrapper.cfbundle; includeInIndex = 0; path = WerewolvesIOSTests.xctest; sourceTree = BUILT_PRODUCTS_DIR; };
		36D9B2CA2899973E00E370A0 /* WerewolvesIOSTests.swift */ = {isa = PBXFileReference; lastKnownFileType = sourcecode.swift; path = WerewolvesIOSTests.swift; sourceTree = "<group>"; };
		36D9B2D02899973E00E370A0 /* WerewolvesIOSUITests.xctest */ = {isa = PBXFileReference; explicitFileType = wrapper.cfbundle; includeInIndex = 0; path = WerewolvesIOSUITests.xctest; sourceTree = BUILT_PRODUCTS_DIR; };
		36D9B2D42899973E00E370A0 /* WerewolvesIOSUITests.swift */ = {isa = PBXFileReference; lastKnownFileType = sourcecode.swift; path = WerewolvesIOSUITests.swift; sourceTree = "<group>"; };
		36D9B2D62899973E00E370A0 /* WerewolvesIOSUITestsLaunchTests.swift */ = {isa = PBXFileReference; lastKnownFileType = sourcecode.swift; path = WerewolvesIOSUITestsLaunchTests.swift; sourceTree = "<group>"; };
/* End PBXFileReference section */

/* Begin PBXFrameworksBuildPhase section */
		36D9B2AD2899973D00E370A0 /* Frameworks */ = {
			isa = PBXFrameworksBuildPhase;
			buildActionMask = 2147483647;
			files = (
			);
			runOnlyForDeploymentPostprocessing = 0;
		};
		36D9B2C32899973E00E370A0 /* Frameworks */ = {
			isa = PBXFrameworksBuildPhase;
			buildActionMask = 2147483647;
			files = (
			);
			runOnlyForDeploymentPostprocessing = 0;
		};
		36D9B2CD2899973E00E370A0 /* Frameworks */ = {
			isa = PBXFrameworksBuildPhase;
			buildActionMask = 2147483647;
			files = (
			);
			runOnlyForDeploymentPostprocessing = 0;
		};
/* End PBXFrameworksBuildPhase section */

/* Begin PBXGroup section */
		3651D29D2899B97A00D3A96A /* Commons */ = {
			isa = PBXGroup;
			children = (
			);
			path = Commons;
			sourceTree = "<group>";
		};
		3651D29E2899BB7E00D3A96A /* Conectivity */ = {
			isa = PBXGroup;
			children = (
			);
			path = Conectivity;
			sourceTree = "<group>";
		};
		3651D29F2899BBA000D3A96A /* Modules */ = {
			isa = PBXGroup;
			children = (
				3651D2A02899BFD000D3A96A /* Home */,
			);
			path = Modules;
			sourceTree = "<group>";
		};
		3651D2A02899BFD000D3A96A /* Home */ = {
			isa = PBXGroup;
			children = (
			);
			path = Home;
			sourceTree = "<group>";
		};
		36D9B2A72899973D00E370A0 = {
			isa = PBXGroup;
			children = (
				36D9B2B22899973D00E370A0 /* WerewolvesIOS */,
				36D9B2C92899973E00E370A0 /* WerewolvesIOSTests */,
				36D9B2D32899973E00E370A0 /* WerewolvesIOSUITests */,
				36D9B2B12899973D00E370A0 /* Products */,
			);
			sourceTree = "<group>";
		};
		36D9B2B12899973D00E370A0 /* Products */ = {
			isa = PBXGroup;
			children = (
				36D9B2B02899973D00E370A0 /* WerewolvesIOS.app */,
				36D9B2C62899973E00E370A0 /* WerewolvesIOSTests.xctest */,
				36D9B2D02899973E00E370A0 /* WerewolvesIOSUITests.xctest */,
			);
			name = Products;
			sourceTree = "<group>";
		};
		36D9B2B22899973D00E370A0 /* WerewolvesIOS */ = {
			isa = PBXGroup;
			children = (
				36D9B2C12899973E00E370A0 /* Info.plist */,
				36D9B2B32899973D00E370A0 /* AppDelegate.swift */,
				36D9B2B52899973D00E370A0 /* SceneDelegate.swift */,
				36D9B2B72899973D00E370A0 /* ViewController.swift */,
				36D9B2BC2899973E00E370A0 /* Assets.xcassets */,
				3651D29D2899B97A00D3A96A /* Commons */,
				3651D29E2899BB7E00D3A96A /* Conectivity */,
				36D9B2BE2899973E00E370A0 /* LaunchScreen.storyboard */,
				36D9B2B92899973D00E370A0 /* Main.storyboard */,
				3651D29F2899BBA000D3A96A /* Modules */,
			);
			path = WerewolvesIOS;
			sourceTree = "<group>";
		};
		36D9B2C92899973E00E370A0 /* WerewolvesIOSTests */ = {
			isa = PBXGroup;
			children = (
				36D9B2CA2899973E00E370A0 /* WerewolvesIOSTests.swift */,
			);
			path = WerewolvesIOSTests;
			sourceTree = "<group>";
		};
		36D9B2D32899973E00E370A0 /* WerewolvesIOSUITests */ = {
			isa = PBXGroup;
			children = (
				36D9B2D42899973E00E370A0 /* WerewolvesIOSUITests.swift */,
				36D9B2D62899973E00E370A0 /* WerewolvesIOSUITestsLaunchTests.swift */,
			);
			path = WerewolvesIOSUITests;
			sourceTree = "<group>";
		};
/* End PBXGroup section */

/* Begin PBXNativeTarget section */
		36D9B2AF2899973D00E370A0 /* WerewolvesIOS */ = {
			isa = PBXNativeTarget;
			buildConfigurationList = 36D9B2DA2899973E00E370A0 /* Build configuration list for PBXNativeTarget "WerewolvesIOS" */;
			buildPhases = (
				36D9B2AC2899973D00E370A0 /* Sources */,
				36D9B2AD2899973D00E370A0 /* Frameworks */,
				36D9B2AE2899973D00E370A0 /* Resources */,
			);
			buildRules = (
			);
			dependencies = (
			);
			name = WerewolvesIOS;
			productName = WerewolvesIOS;
			productReference = 36D9B2B02899973D00E370A0 /* WerewolvesIOS.app */;
			productType = "com.apple.product-type.application";
		};
		36D9B2C52899973E00E370A0 /* WerewolvesIOSTests */ = {
			isa = PBXNativeTarget;
			buildConfigurationList = 36D9B2DD2899973E00E370A0 /* Build configuration list for PBXNativeTarget "WerewolvesIOSTests" */;
			buildPhases = (
				36D9B2C22899973E00E370A0 /* Sources */,
				36D9B2C32899973E00E370A0 /* Frameworks */,
				36D9B2C42899973E00E370A0 /* Resources */,
			);
			buildRules = (
			);
			dependencies = (
				36D9B2C82899973E00E370A0 /* PBXTargetDependency */,
			);
			name = WerewolvesIOSTests;
			productName = WerewolvesIOSTests;
			productReference = 36D9B2C62899973E00E370A0 /* WerewolvesIOSTests.xctest */;
			productType = "com.apple.product-type.bundle.unit-test";
		};
		36D9B2CF2899973E00E370A0 /* WerewolvesIOSUITests */ = {
			isa = PBXNativeTarget;
			buildConfigurationList = 36D9B2E02899973E00E370A0 /* Build configuration list for PBXNativeTarget "WerewolvesIOSUITests" */;
			buildPhases = (
				36D9B2CC2899973E00E370A0 /* Sources */,
				36D9B2CD2899973E00E370A0 /* Frameworks */,
				36D9B2CE2899973E00E370A0 /* Resources */,
			);
			buildRules = (
			);
			dependencies = (
				36D9B2D22899973E00E370A0 /* PBXTargetDependency */,
			);
			name = WerewolvesIOSUITests;
			productName = WerewolvesIOSUITests;
			productReference = 36D9B2D02899973E00E370A0 /* WerewolvesIOSUITests.xctest */;
			productType = "com.apple.product-type.bundle.ui-testing";
		};
/* End PBXNativeTarget section */

/* Begin PBXProject section */
		36D9B2A82899973D00E370A0 /* Project object */ = {
			isa = PBXProject;
			attributes = {
				BuildIndependentTargetsInParallel = 1;
				LastSwiftUpdateCheck = 1340;
				LastUpgradeCheck = 1340;
				TargetAttributes = {
					36D9B2AF2899973D00E370A0 = {
						CreatedOnToolsVersion = 13.4.1;
					};
					36D9B2C52899973E00E370A0 = {
						CreatedOnToolsVersion = 13.4.1;
						TestTargetID = 36D9B2AF2899973D00E370A0;
					};
					36D9B2CF2899973E00E370A0 = {
						CreatedOnToolsVersion = 13.4.1;
						TestTargetID = 36D9B2AF2899973D00E370A0;
					};
				};
			};
			buildConfigurationList = 36D9B2AB2899973D00E370A0 /* Build configuration list for PBXProject "WerewolvesIOS" */;
			compatibilityVersion = "Xcode 13.0";
			developmentRegion = en;
			hasScannedForEncodings = 0;
			knownRegions = (
				en,
				Base,
			);
			mainGroup = 36D9B2A72899973D00E370A0;
			productRefGroup = 36D9B2B12899973D00E370A0 /* Products */;
			projectDirPath = "";
			projectRoot = "";
			targets = (
				36D9B2AF2899973D00E370A0 /* WerewolvesIOS */,
				36D9B2C52899973E00E370A0 /* WerewolvesIOSTests */,
				36D9B2CF2899973E00E370A0 /* WerewolvesIOSUITests */,
			);
		};
/* End PBXProject section */

/* Begin PBXResourcesBuildPhase section */
		36D9B2AE2899973D00E370A0 /* Resources */ = {
			isa = PBXResourcesBuildPhase;
			buildActionMask = 2147483647;
			files = (
				36D9B2C02899973E00E370A0 /* LaunchScreen.storyboard in Resources */,
				36D9B2BD2899973E00E370A0 /* Assets.xcassets in Resources */,
				36D9B2BB2899973D00E370A0 /* Main.storyboard in Resources */,
			);
			runOnlyForDeploymentPostprocessing = 0;
		};
		36D9B2C42899973E00E370A0 /* Resources */ = {
			isa = PBXResourcesBuildPhase;
			buildActionMask = 2147483647;
			files = (
			);
			runOnlyForDeploymentPostprocessing = 0;
		};
		36D9B2CE2899973E00E370A0 /* Resources */ = {
			isa = PBXResourcesBuildPhase;
			buildActionMask = 2147483647;
			files = (
			);
			runOnlyForDeploymentPostprocessing = 0;
		};
/* End PBXResourcesBuildPhase section */

/* Begin PBXSourcesBuildPhase section */
		36D9B2AC2899973D00E370A0 /* Sources */ = {
			isa = PBXSourcesBuildPhase;
			buildActionMask = 2147483647;
			files = (
				36D9B2B82899973D00E370A0 /* ViewController.swift in Sources */,
				36D9B2B42899973D00E370A0 /* AppDelegate.swift in Sources */,
				36D9B2B62899973D00E370A0 /* SceneDelegate.swift in Sources */,
			);
			runOnlyForDeploymentPostprocessing = 0;
		};
		36D9B2C22899973E00E370A0 /* Sources */ = {
			isa = PBXSourcesBuildPhase;
			buildActionMask = 2147483647;
			files = (
				36D9B2CB2899973E00E370A0 /* WerewolvesIOSTests.swift in Sources */,
			);
			runOnlyForDeploymentPostprocessing = 0;
		};
		36D9B2CC2899973E00E370A0 /* Sources */ = {
			isa = PBXSourcesBuildPhase;
			buildActionMask = 2147483647;
			files = (
				36D9B2D52899973E00E370A0 /* WerewolvesIOSUITests.swift in Sources */,
				36D9B2D72899973E00E370A0 /* WerewolvesIOSUITestsLaunchTests.swift in Sources */,
			);
			runOnlyForDeploymentPostprocessing = 0;
		};
/* End PBXSourcesBuildPhase section */

/* Begin PBXTargetDependency section */
		36D9B2C82899973E00E370A0 /* PBXTargetDependency */ = {
			isa = PBXTargetDependency;
			target = 36D9B2AF2899973D00E370A0 /* WerewolvesIOS */;
			targetProxy = 36D9B2C72899973E00E370A0 /* PBXContainerItemProxy */;
		};
		36D9B2D22899973E00E370A0 /* PBXTargetDependency */ = {
			isa = PBXTargetDependency;
			target = 36D9B2AF2899973D00E370A0 /* WerewolvesIOS */;
			targetProxy = 36D9B2D12899973E00E370A0 /* PBXContainerItemProxy */;
		};
/* End PBXTargetDependency section */

/* Begin PBXVariantGroup section */
		36D9B2B92899973D00E370A0 /* Main.storyboard */ = {
			isa = PBXVariantGroup;
			children = (
				36D9B2BA2899973D00E370A0 /* Base */,
			);
			name = Main.storyboard;
			sourceTree = "<group>";
		};
		36D9B2BE2899973E00E370A0 /* LaunchScreen.storyboard */ = {
			isa = PBXVariantGroup;
			children = (
				36D9B2BF2899973E00E370A0 /* Base */,
			);
			name = LaunchScreen.storyboard;
			sourceTree = "<group>";
		};
/* End PBXVariantGroup section */

/* Begin XCBuildConfiguration section */
		36D9B2D82899973E00E370A0 /* Debug */ = {
			isa = XCBuildConfiguration;
			buildSettings = {
				ALWAYS_SEARCH_USER_PATHS = NO;
				CLANG_ANALYZER_NONNULL = YES;
				CLANG_ANALYZER_NUMBER_OBJECT_CONVERSION = YES_AGGRESSIVE;
				CLANG_CXX_LANGUAGE_STANDARD = "gnu++17";
				CLANG_ENABLE_MODULES = YES;
				CLANG_ENABLE_OBJC_ARC = YES;
				CLANG_ENABLE_OBJC_WEAK = YES;
				CLANG_WARN_BLOCK_CAPTURE_AUTORELEASING = YES;
				CLANG_WARN_BOOL_CONVERSION = YES;
				CLANG_WARN_COMMA = YES;
				CLANG_WARN_CONSTANT_CONVERSION = YES;
				CLANG_WARN_DEPRECATED_OBJC_IMPLEMENTATIONS = YES;
				CLANG_WARN_DIRECT_OBJC_ISA_USAGE = YES_ERROR;
				CLANG_WARN_DOCUMENTATION_COMMENTS = YES;
				CLANG_WARN_EMPTY_BODY = YES;
				CLANG_WARN_ENUM_CONVERSION = YES;
				CLANG_WARN_INFINITE_RECURSION = YES;
				CLANG_WARN_INT_CONVERSION = YES;
				CLANG_WARN_NON_LITERAL_NULL_CONVERSION = YES;
				CLANG_WARN_OBJC_IMPLICIT_RETAIN_SELF = YES;
				CLANG_WARN_OBJC_LITERAL_CONVERSION = YES;
				CLANG_WARN_OBJC_ROOT_CLASS = YES_ERROR;
				CLANG_WARN_QUOTED_INCLUDE_IN_FRAMEWORK_HEADER = YES;
				CLANG_WARN_RANGE_LOOP_ANALYSIS = YES;
				CLANG_WARN_STRICT_PROTOTYPES = YES;
				CLANG_WARN_SUSPICIOUS_MOVE = YES;
				CLANG_WARN_UNGUARDED_AVAILABILITY = YES_AGGRESSIVE;
				CLANG_WARN_UNREACHABLE_CODE = YES;
				CLANG_WARN__DUPLICATE_METHOD_MATCH = YES;
				COPY_PHASE_STRIP = NO;
				DEBUG_INFORMATION_FORMAT = dwarf;
				ENABLE_STRICT_OBJC_MSGSEND = YES;
				ENABLE_TESTABILITY = YES;
				GCC_C_LANGUAGE_STANDARD = gnu11;
				GCC_DYNAMIC_NO_PIC = NO;
				GCC_NO_COMMON_BLOCKS = YES;
				GCC_OPTIMIZATION_LEVEL = 0;
				GCC_PREPROCESSOR_DEFINITIONS = (
					"DEBUG=1",
					"$(inherited)",
				);
				GCC_WARN_64_TO_32_BIT_CONVERSION = YES;
				GCC_WARN_ABOUT_RETURN_TYPE = YES_ERROR;
				GCC_WARN_UNDECLARED_SELECTOR = YES;
				GCC_WARN_UNINITIALIZED_AUTOS = YES_AGGRESSIVE;
				GCC_WARN_UNUSED_FUNCTION = YES;
				GCC_WARN_UNUSED_VARIABLE = YES;
				IPHONEOS_DEPLOYMENT_TARGET = 15.5;
				MTL_ENABLE_DEBUG_INFO = INCLUDE_SOURCE;
				MTL_FAST_MATH = YES;
				ONLY_ACTIVE_ARCH = YES;
				SDKROOT = iphoneos;
				SWIFT_ACTIVE_COMPILATION_CONDITIONS = DEBUG;
				SWIFT_OPTIMIZATION_LEVEL = "-Onone";
			};
			name = Debug;
		};
		36D9B2D92899973E00E370A0 /* Release */ = {
			isa = XCBuildConfiguration;
			buildSettings = {
				ALWAYS_SEARCH_USER_PATHS = NO;
				CLANG_ANALYZER_NONNULL = YES;
				CLANG_ANALYZER_NUMBER_OBJECT_CONVERSION = YES_AGGRESSIVE;
				CLANG_CXX_LANGUAGE_STANDARD = "gnu++17";
				CLANG_ENABLE_MODULES = YES;
				CLANG_ENABLE_OBJC_ARC = YES;
				CLANG_ENABLE_OBJC_WEAK = YES;
				CLANG_WARN_BLOCK_CAPTURE_AUTORELEASING = YES;
				CLANG_WARN_BOOL_CONVERSION = YES;
				CLANG_WARN_COMMA = YES;
				CLANG_WARN_CONSTANT_CONVERSION = YES;
				CLANG_WARN_DEPRECATED_OBJC_IMPLEMENTATIONS = YES;
				CLANG_WARN_DIRECT_OBJC_ISA_USAGE = YES_ERROR;
				CLANG_WARN_DOCUMENTATION_COMMENTS = YES;
				CLANG_WARN_EMPTY_BODY = YES;
				CLANG_WARN_ENUM_CONVERSION = YES;
				CLANG_WARN_INFINITE_RECURSION = YES;
				CLANG_WARN_INT_CONVERSION = YES;
				CLANG_WARN_NON_LITERAL_NULL_CONVERSION = YES;
				CLANG_WARN_OBJC_IMPLICIT_RETAIN_SELF = YES;
				CLANG_WARN_OBJC_LITERAL_CONVERSION = YES;
				CLANG_WARN_OBJC_ROOT_CLASS = YES_ERROR;
				CLANG_WARN_QUOTED_INCLUDE_IN_FRAMEWORK_HEADER = YES;
				CLANG_WARN_RANGE_LOOP_ANALYSIS = YES;
				CLANG_WARN_STRICT_PROTOTYPES = YES;
				CLANG_WARN_SUSPICIOUS_MOVE = YES;
				CLANG_WARN_UNGUARDED_AVAILABILITY = YES_AGGRESSIVE;
				CLANG_WARN_UNREACHABLE_CODE = YES;
				CLANG_WARN__DUPLICATE_METHOD_MATCH = YES;
				COPY_PHASE_STRIP = NO;
				DEBUG_INFORMATION_FORMAT = "dwarf-with-dsym";
				ENABLE_NS_ASSERTIONS = NO;
				ENABLE_STRICT_OBJC_MSGSEND = YES;
				GCC_C_LANGUAGE_STANDARD = gnu11;
				GCC_NO_COMMON_BLOCKS = YES;
				GCC_WARN_64_TO_32_BIT_CONVERSION = YES;
				GCC_WARN_ABOUT_RETURN_TYPE = YES_ERROR;
				GCC_WARN_UNDECLARED_SELECTOR = YES;
				GCC_WARN_UNINITIALIZED_AUTOS = YES_AGGRESSIVE;
				GCC_WARN_UNUSED_FUNCTION = YES;
				GCC_WARN_UNUSED_VARIABLE = YES;
				IPHONEOS_DEPLOYMENT_TARGET = 15.5;
				MTL_ENABLE_DEBUG_INFO = NO;
				MTL_FAST_MATH = YES;
				SDKROOT = iphoneos;
				SWIFT_COMPILATION_MODE = wholemodule;
				SWIFT_OPTIMIZATION_LEVEL = "-O";
				VALIDATE_PRODUCT = YES;
			};
			name = Release;
		};
		36D9B2DB2899973E00E370A0 /* Debug */ = {
			isa = XCBuildConfiguration;
			buildSettings = {
				ASSETCATALOG_COMPILER_APPICON_NAME = AppIcon;
				ASSETCATALOG_COMPILER_GLOBAL_ACCENT_COLOR_NAME = AccentColor;
				CODE_SIGN_STYLE = Automatic;
				CURRENT_PROJECT_VERSION = 1;
				DEVELOPMENT_TEAM = RWQ3HXY7KM;
				GENERATE_INFOPLIST_FILE = YES;
				INFOPLIST_FILE = WerewolvesIOS/Info.plist;
				INFOPLIST_KEY_UIApplicationSupportsIndirectInputEvents = YES;
				INFOPLIST_KEY_UILaunchStoryboardName = LaunchScreen;
				INFOPLIST_KEY_UIMainStoryboardFile = Main;
				INFOPLIST_KEY_UISupportedInterfaceOrientations_iPad = "UIInterfaceOrientationPortrait UIInterfaceOrientationPortraitUpsideDown UIInterfaceOrientationLandscapeLeft UIInterfaceOrientationLandscapeRight";
				INFOPLIST_KEY_UISupportedInterfaceOrientations_iPhone = "UIInterfaceOrientationPortrait UIInterfaceOrientationLandscapeLeft UIInterfaceOrientationLandscapeRight";
				LD_RUNPATH_SEARCH_PATHS = (
					"$(inherited)",
					"@executable_path/Frameworks",
				);
				MARKETING_VERSION = 1.0;
				PRODUCT_BUNDLE_IDENTIFIER = co.com.Din.WerewolvesIOS;
				PRODUCT_NAME = "$(TARGET_NAME)";
				SWIFT_EMIT_LOC_STRINGS = YES;
				SWIFT_VERSION = 5.0;
				TARGETED_DEVICE_FAMILY = "1,2";
			};
			name = Debug;
		};
		36D9B2DC2899973E00E370A0 /* Release */ = {
			isa = XCBuildConfiguration;
			buildSettings = {
				ASSETCATALOG_COMPILER_APPICON_NAME = AppIcon;
				ASSETCATALOG_COMPILER_GLOBAL_ACCENT_COLOR_NAME = AccentColor;
				CODE_SIGN_STYLE = Automatic;
				CURRENT_PROJECT_VERSION = 1;
				DEVELOPMENT_TEAM = RWQ3HXY7KM;
				GENERATE_INFOPLIST_FILE = YES;
				INFOPLIST_FILE = WerewolvesIOS/Info.plist;
				INFOPLIST_KEY_UIApplicationSupportsIndirectInputEvents = YES;
				INFOPLIST_KEY_UILaunchStoryboardName = LaunchScreen;
				INFOPLIST_KEY_UIMainStoryboardFile = Main;
				INFOPLIST_KEY_UISupportedInterfaceOrientations_iPad = "UIInterfaceOrientationPortrait UIInterfaceOrientationPortraitUpsideDown UIInterfaceOrientationLandscapeLeft UIInterfaceOrientationLandscapeRight";
				INFOPLIST_KEY_UISupportedInterfaceOrientations_iPhone = "UIInterfaceOrientationPortrait UIInterfaceOrientationLandscapeLeft UIInterfaceOrientationLandscapeRight";
				LD_RUNPATH_SEARCH_PATHS = (
					"$(inherited)",
					"@executable_path/Frameworks",
				);
				MARKETING_VERSION = 1.0;
				PRODUCT_BUNDLE_IDENTIFIER = co.com.Din.WerewolvesIOS;
				PRODUCT_NAME = "$(TARGET_NAME)";
				SWIFT_EMIT_LOC_STRINGS = YES;
				SWIFT_VERSION = 5.0;
				TARGETED_DEVICE_FAMILY = "1,2";
			};
			name = Release;
		};
		36D9B2DE2899973E00E370A0 /* Debug */ = {
			isa = XCBuildConfiguration;
			buildSettings = {
				ALWAYS_EMBED_SWIFT_STANDARD_LIBRARIES = YES;
				BUNDLE_LOADER = "$(TEST_HOST)";
				CODE_SIGN_STYLE = Automatic;
				CURRENT_PROJECT_VERSION = 1;
				DEVELOPMENT_TEAM = RWQ3HXY7KM;
				GENERATE_INFOPLIST_FILE = YES;
				IPHONEOS_DEPLOYMENT_TARGET = 15.5;
				MARKETING_VERSION = 1.0;
				PRODUCT_BUNDLE_IDENTIFIER = co.com.Din.WerewolvesIOSTests;
				PRODUCT_NAME = "$(TARGET_NAME)";
				SWIFT_EMIT_LOC_STRINGS = NO;
				SWIFT_VERSION = 5.0;
				TARGETED_DEVICE_FAMILY = "1,2";
				TEST_HOST = "$(BUILT_PRODUCTS_DIR)/WerewolvesIOS.app/WerewolvesIOS";
			};
			name = Debug;
		};
		36D9B2DF2899973E00E370A0 /* Release */ = {
			isa = XCBuildConfiguration;
			buildSettings = {
				ALWAYS_EMBED_SWIFT_STANDARD_LIBRARIES = YES;
				BUNDLE_LOADER = "$(TEST_HOST)";
				CODE_SIGN_STYLE = Automatic;
				CURRENT_PROJECT_VERSION = 1;
				DEVELOPMENT_TEAM = RWQ3HXY7KM;
				GENERATE_INFOPLIST_FILE = YES;
				IPHONEOS_DEPLOYMENT_TARGET = 15.5;
				MARKETING_VERSION = 1.0;
				PRODUCT_BUNDLE_IDENTIFIER = co.com.Din.WerewolvesIOSTests;
				PRODUCT_NAME = "$(TARGET_NAME)";
				SWIFT_EMIT_LOC_STRINGS = NO;
				SWIFT_VERSION = 5.0;
				TARGETED_DEVICE_FAMILY = "1,2";
				TEST_HOST = "$(BUILT_PRODUCTS_DIR)/WerewolvesIOS.app/WerewolvesIOS";
			};
			name = Release;
		};
		36D9B2E12899973E00E370A0 /* Debug */ = {
			isa = XCBuildConfiguration;
			buildSettings = {
				ALWAYS_EMBED_SWIFT_STANDARD_LIBRARIES = YES;
				CODE_SIGN_STYLE = Automatic;
				CURRENT_PROJECT_VERSION = 1;
				DEVELOPMENT_TEAM = RWQ3HXY7KM;
				GENERATE_INFOPLIST_FILE = YES;
				MARKETING_VERSION = 1.0;
				PRODUCT_BUNDLE_IDENTIFIER = co.com.Din.WerewolvesIOSUITests;
				PRODUCT_NAME = "$(TARGET_NAME)";
				SWIFT_EMIT_LOC_STRINGS = NO;
				SWIFT_VERSION = 5.0;
				TARGETED_DEVICE_FAMILY = "1,2";
				TEST_TARGET_NAME = WerewolvesIOS;
			};
			name = Debug;
		};
		36D9B2E22899973E00E370A0 /* Release */ = {
			isa = XCBuildConfiguration;
			buildSettings = {
				ALWAYS_EMBED_SWIFT_STANDARD_LIBRARIES = YES;
				CODE_SIGN_STYLE = Automatic;
				CURRENT_PROJECT_VERSION = 1;
				DEVELOPMENT_TEAM = RWQ3HXY7KM;
				GENERATE_INFOPLIST_FILE = YES;
				MARKETING_VERSION = 1.0;
				PRODUCT_BUNDLE_IDENTIFIER = co.com.Din.WerewolvesIOSUITests;
				PRODUCT_NAME = "$(TARGET_NAME)";
				SWIFT_EMIT_LOC_STRINGS = NO;
				SWIFT_VERSION = 5.0;
				TARGETED_DEVICE_FAMILY = "1,2";
				TEST_TARGET_NAME = WerewolvesIOS;
			};
			name = Release;
		};
/* End XCBuildConfiguration section */

/* Begin XCConfigurationList section */
		36D9B2AB2899973D00E370A0 /* Build configuration list for PBXProject "WerewolvesIOS" */ = {
			isa = XCConfigurationList;
			buildConfigurations = (
				36D9B2D82899973E00E370A0 /* Debug */,
				36D9B2D92899973E00E370A0 /* Release */,
			);
			defaultConfigurationIsVisible = 0;
			defaultConfigurationName = Release;
		};
		36D9B2DA2899973E00E370A0 /* Build configuration list for PBXNativeTarget "WerewolvesIOS" */ = {
			isa = XCConfigurationList;
			buildConfigurations = (
				36D9B2DB2899973E00E370A0 /* Debug */,
				36D9B2DC2899973E00E370A0 /* Release */,
			);
			defaultConfigurationIsVisible = 0;
			defaultConfigurationName = Release;
		};
		36D9B2DD2899973E00E370A0 /* Build configuration list for PBXNativeTarget "WerewolvesIOSTests" */ = {
			isa = XCConfigurationList;
			buildConfigurations = (
				36D9B2DE2899973E00E370A0 /* Debug */,
				36D9B2DF2899973E00E370A0 /* Release */,
			);
			defaultConfigurationIsVisible = 0;
			defaultConfigurationName = Release;
		};
		36D9B2E02899973E00E370A0 /* Build configuration list for PBXNativeTarget "WerewolvesIOSUITests" */ = {
			isa = XCConfigurationList;
			buildConfigurations = (
				36D9B2E12899973E00E370A0 /* Debug */,
				36D9B2E22899973E00E370A0 /* Release */,
			);
			defaultConfigurationIsVisible = 0;
			defaultConfigurationName = Release;
		};
/* End XCConfigurationList section */
	};
	rootObject = 36D9B2A82899973D00E370A0 /* Project object */;
}
